
Microsoft Visual Studio Solution File, Format Version 12.00
# Visual Studio Version 17
VisualStudioVersion = 17.3.32804.467
MinimumVisualStudioVersion = 10.0.40219.1
Project("{FAE04EC0-301F-11D3-BF4B-00C04F79EFBC}") = "CardStorageRestAPI", "CardStorageRestAPI.csproj", "{755E4E25-FD31-4B2F-915C-2F0A570DC96D}"
EndProject
Project("{2150E333-8FDC-42A3-9474-1A3956D46DE8}") = "Solution Items", "Solution Items", "{1475E0C9-D54B-42C7-959E-7B8AE6D5CFE9}"
	ProjectSection(SolutionItems) = preProject
		.drone.yml = .drone.yml
	EndProjectSection
EndProject
Global
	GlobalSection(SolutionConfigurationPlatforms) = preSolution
		Debug|Any CPU = Debug|Any CPU
		Release|Any CPU = Release|Any CPU
	EndGlobalSection
	GlobalSection(ProjectConfigurationPlatforms) = postSolution
		{755E4E25-FD31-4B2F-915C-2F0A570DC96D}.Debug|Any CPU.ActiveCfg = Debug|Any CPU
		{755E4E25-FD31-4B2F-915C-2F0A570DC96D}.Debug|Any CPU.Build.0 = Debug|Any CPU
		{755E4E25-FD31-4B2F-915C-2F0A570DC96D}.Release|Any CPU.ActiveCfg = Release|Any CPU
		{755E4E25-FD31-4B2F-915C-2F0A570DC96D}.Release|Any CPU.Build.0 = Release|Any CPU
	EndGlobalSection
	GlobalSection(SolutionProperties) = preSolution
		HideSolutionNode = FALSE
	EndGlobalSection
	GlobalSection(ExtensibilityGlobals) = postSolution
		SolutionGuid = {147850AC-D51F-4BD3-87D6-1CECBEA08FAC}
	EndGlobalSection
EndGlobal
